
Microsoft Visual Studio Solution File, Format Version 12.00
# Visual Studio Version 17
VisualStudioVersion = 17.10.34928.147
MinimumVisualStudioVersion = 10.0.40219.1
Project("{FAE04EC0-301F-11D3-BF4B-00C04F79EFBC}") = "ConsoleApp1", "ConsoleApp1\ConsoleApp1.csproj", "{15E63235-F95C-4A20-8BF7-E3C423A19F1F}"
EndProject
Global
	GlobalSection(SolutionConfigurationPlatforms) = preSolution
		Debug|Any CPU = Debug|Any CPU
		Release|Any CPU = Release|Any CPU
	EndGlobalSection
	GlobalSection(ProjectConfigurationPlatforms) = postSolution
		{15E63235-F95C-4A20-8BF7-E3C423A19F1F}.Debug|Any CPU.ActiveCfg = Debug|Any CPU
		{15E63235-F95C-4A20-8BF7-E3C423A19F1F}.Debug|Any CPU.Build.0 = Debug|Any CPU
		{15E63235-F95C-4A20-8BF7-E3C423A19F1F}.Release|Any CPU.ActiveCfg = Release|Any CPU
		{15E63235-F95C-4A20-8BF7-E3C423A19F1F}.Release|Any CPU.Build.0 = Release|Any CPU
	EndGlobalSection
	GlobalSection(SolutionProperties) = preSolution
		HideSolutionNode = FALSE
	EndGlobalSection
	GlobalSection(ExtensibilityGlobals) = postSolution
		SolutionGuid = {3A82158D-4006-4F85-8F12-5391ECFDD06B}
	EndGlobalSection
EndGlobal
